
Microsoft Visual Studio Solution File, Format Version 12.00
# Visual Studio 15
VisualStudioVersion = 15.0.27004.2002
MinimumVisualStudioVersion = 10.0.40219.1
Project("{9A19103F-16F7-4668-BE54-9A1E7A4F7556}") = "AkkaTest", "AkkaTest\AkkaTest.csproj", "{B0798EF2-21D1-48B6-B892-94734A00C67E}"
EndProject
Project("{2150E333-8FDC-42A3-9474-1A3956D46DE8}") = "Solution Items", "Solution Items", "{BB2370F0-1FA2-44B6-9869-B746A11CA144}"
	ProjectSection(SolutionItems) = preProject
		.gitignore = .gitignore
		README.md = README.md
	EndProjectSection
EndProject
Project("{9A19103F-16F7-4668-BE54-9A1E7A4F7556}") = "UI", "UI\UI.csproj", "{FD7A6417-E8DD-48F0-BB74-0250F088EF77}"
EndProject
Global
	GlobalSection(SolutionConfigurationPlatforms) = preSolution
		Debug|Any CPU = Debug|Any CPU
		Release|Any CPU = Release|Any CPU
	EndGlobalSection
	GlobalSection(ProjectConfigurationPlatforms) = postSolution
		{B0798EF2-21D1-48B6-B892-94734A00C67E}.Debug|Any CPU.ActiveCfg = Debug|Any CPU
		{B0798EF2-21D1-48B6-B892-94734A00C67E}.Debug|Any CPU.Build.0 = Debug|Any CPU
		{B0798EF2-21D1-48B6-B892-94734A00C67E}.Release|Any CPU.ActiveCfg = Release|Any CPU
		{B0798EF2-21D1-48B6-B892-94734A00C67E}.Release|Any CPU.Build.0 = Release|Any CPU
		{FD7A6417-E8DD-48F0-BB74-0250F088EF77}.Debug|Any CPU.ActiveCfg = Debug|Any CPU
		{FD7A6417-E8DD-48F0-BB74-0250F088EF77}.Debug|Any CPU.Build.0 = Debug|Any CPU
		{FD7A6417-E8DD-48F0-BB74-0250F088EF77}.Release|Any CPU.ActiveCfg = Release|Any CPU
		{FD7A6417-E8DD-48F0-BB74-0250F088EF77}.Release|Any CPU.Build.0 = Release|Any CPU
	EndGlobalSection
	GlobalSection(SolutionProperties) = preSolution
		HideSolutionNode = FALSE
	EndGlobalSection
	GlobalSection(ExtensibilityGlobals) = postSolution
		SolutionGuid = {A07586C9-BB9A-41C4-AF8C-45F9B3EB53D7}
	EndGlobalSection
EndGlobal
